
Microsoft Visual Studio Solution File, Format Version 12.00
# Visual Studio Version 17
VisualStudioVersion = 17.2.32616.157
MinimumVisualStudioVersion = 10.0.40219.1
Project("{9A19103F-16F7-4668-BE54-9A1E7A4F7556}") = "FootballLeague", "FootballLeague\FootballLeague.csproj", "{B8ECA8CA-50ED-449C-858F-6AFB26DC15B9}"
EndProject
Project("{FAE04EC0-301F-11D3-BF4B-00C04F79EFBC}") = "FootballLeague.Domain", "FootballLeague.Domain\FootballLeague.Domain.csproj", "{02D60CA1-694E-4162-AC2E-5B689E26AF7D}"
EndProject
Project("{FAE04EC0-301F-11D3-BF4B-00C04F79EFBC}") = "FootballLeague.Services", "FootballLeague.Services\FootballLeague.Services.csproj", "{CF743E17-8FC5-46D8-B735-0929142A274C}"
EndProject
Project("{FAE04EC0-301F-11D3-BF4B-00C04F79EFBC}") = "FootballLeague.Repositories", "FootballLeague.Repositories\FootballLeague.Repositories.csproj", "{D2C103E5-58EC-4A76-ABE0-928F970DDABB}"
EndProject
Global
	GlobalSection(SolutionConfigurationPlatforms) = preSolution
		Debug|Any CPU = Debug|Any CPU
		Release|Any CPU = Release|Any CPU
	EndGlobalSection
	GlobalSection(ProjectConfigurationPlatforms) = postSolution
		{B8ECA8CA-50ED-449C-858F-6AFB26DC15B9}.Debug|Any CPU.ActiveCfg = Debug|Any CPU
		{B8ECA8CA-50ED-449C-858F-6AFB26DC15B9}.Debug|Any CPU.Build.0 = Debug|Any CPU
		{B8ECA8CA-50ED-449C-858F-6AFB26DC15B9}.Release|Any CPU.ActiveCfg = Release|Any CPU
		{B8ECA8CA-50ED-449C-858F-6AFB26DC15B9}.Release|Any CPU.Build.0 = Release|Any CPU
		{02D60CA1-694E-4162-AC2E-5B689E26AF7D}.Debug|Any CPU.ActiveCfg = Debug|Any CPU
		{02D60CA1-694E-4162-AC2E-5B689E26AF7D}.Debug|Any CPU.Build.0 = Debug|Any CPU
		{02D60CA1-694E-4162-AC2E-5B689E26AF7D}.Release|Any CPU.ActiveCfg = Release|Any CPU
		{02D60CA1-694E-4162-AC2E-5B689E26AF7D}.Release|Any CPU.Build.0 = Release|Any CPU
		{CF743E17-8FC5-46D8-B735-0929142A274C}.Debug|Any CPU.ActiveCfg = Debug|Any CPU
		{CF743E17-8FC5-46D8-B735-0929142A274C}.Debug|Any CPU.Build.0 = Debug|Any CPU
		{CF743E17-8FC5-46D8-B735-0929142A274C}.Release|Any CPU.ActiveCfg = Release|Any CPU
		{CF743E17-8FC5-46D8-B735-0929142A274C}.Release|Any CPU.Build.0 = Release|Any CPU
		{D2C103E5-58EC-4A76-ABE0-928F970DDABB}.Debug|Any CPU.ActiveCfg = Debug|Any CPU
		{D2C103E5-58EC-4A76-ABE0-928F970DDABB}.Debug|Any CPU.Build.0 = Debug|Any CPU
		{D2C103E5-58EC-4A76-ABE0-928F970DDABB}.Release|Any CPU.ActiveCfg = Release|Any CPU
		{D2C103E5-58EC-4A76-ABE0-928F970DDABB}.Release|Any CPU.Build.0 = Release|Any CPU
	EndGlobalSection
	GlobalSection(SolutionProperties) = preSolution
		HideSolutionNode = FALSE
	EndGlobalSection
	GlobalSection(ExtensibilityGlobals) = postSolution
		SolutionGuid = {DF5893F7-187F-44FA-B55D-BC86E5231D38}
	EndGlobalSection
EndGlobal
